github.com/zalgonoise/gio v0.0.0-20221231224511-990149dd48ad h1:rv93oyGpIyLYOzo8HFjBtpHejlnPagQjqU/mAPoMLmI=
github.com/zalgonoise/gio v0.0.0-20221231224511-990149dd48ad/go.mod h1:nhc82H2KvRf8/28o3RGBnJM/k7NapcDGPegqGIOqATY=
github.com/zalgonoise/gio v0.0.0-20230218185031-8677e096e5b0 h1:44zHj6dgTnGhtGRrVaiBoDu3R5H4+sJT0geLPNIdkZE=
github.com/zalgonoise/gio v0.0.0-20230218185031-8677e096e5b0/go.mod h1:nhc82H2KvRf8/28o3RGBnJM/k7NapcDGPegqGIOqATY=
